
Microsoft Visual Studio Solution File, Format Version 12.00
Project("{2150E333-8FDC-42A3-9474-1A3956D46DE8}") = "API", "API", "{66FCF480-190E-40F6-81B9-C79FDEF1E280}"
EndProject
Project("{2150E333-8FDC-42A3-9474-1A3956D46DE8}") = "tests", "tests", "{187BAEBA-9A8B-4AAA-AD38-AE3590D83D24}"
EndProject
Project("{FAE04EC0-301F-11D3-BF4B-00C04F79EFBC}") = "PabLab.Domain", "PabLab.Domain\PabLab.Domain.csproj", "{A1D1BDF1-4F9A-41CB-8B18-D4F7EE2E5102}"
EndProject
Project("{FAE04EC0-301F-11D3-BF4B-00C04F79EFBC}") = "PabLab.Application", "PabLab.Application\PabLab.Application.csproj", "{7B19DB82-1DA7-40A5-9FAE-35B16AE52DDA}"
EndProject
Project("{FAE04EC0-301F-11D3-BF4B-00C04F79EFBC}") = "PabLab.Infrastructure", "PabLab.Infrastructure\PabLab.Infrastructure.csproj", "{E9F11BA4-252E-4895-916F-7D1381981F9C}"
EndProject
Project("{FAE04EC0-301F-11D3-BF4B-00C04F79EFBC}") = "PabLab.Api", "PabLab.Api\PabLab.Api.csproj", "{00FB6DFD-9964-45C8-AEC1-9FB74C01AE84}"
EndProject
Project("{2150E333-8FDC-42A3-9474-1A3956D46DE8}") = "Client", "Client", "{BC5B1A54-9166-43ED-AB62-A6C57342289B}"
EndProject
Project("{FAE04EC0-301F-11D3-BF4B-00C04F79EFBC}") = "AdminClient", "AdminClient\AdminClient.csproj", "{38F1002C-422B-4BC4-B05F-B887BF7F08FE}"
EndProject
Global
	GlobalSection(SolutionConfigurationPlatforms) = preSolution
		Debug|Any CPU = Debug|Any CPU
		Release|Any CPU = Release|Any CPU
	EndGlobalSection
	GlobalSection(ProjectConfigurationPlatforms) = postSolution
		{A1D1BDF1-4F9A-41CB-8B18-D4F7EE2E5102}.Debug|Any CPU.ActiveCfg = Debug|Any CPU
		{A1D1BDF1-4F9A-41CB-8B18-D4F7EE2E5102}.Debug|Any CPU.Build.0 = Debug|Any CPU
		{A1D1BDF1-4F9A-41CB-8B18-D4F7EE2E5102}.Release|Any CPU.ActiveCfg = Release|Any CPU
		{A1D1BDF1-4F9A-41CB-8B18-D4F7EE2E5102}.Release|Any CPU.Build.0 = Release|Any CPU
		{7B19DB82-1DA7-40A5-9FAE-35B16AE52DDA}.Debug|Any CPU.ActiveCfg = Debug|Any CPU
		{7B19DB82-1DA7-40A5-9FAE-35B16AE52DDA}.Debug|Any CPU.Build.0 = Debug|Any CPU
		{7B19DB82-1DA7-40A5-9FAE-35B16AE52DDA}.Release|Any CPU.ActiveCfg = Release|Any CPU
		{7B19DB82-1DA7-40A5-9FAE-35B16AE52DDA}.Release|Any CPU.Build.0 = Release|Any CPU
		{E9F11BA4-252E-4895-916F-7D1381981F9C}.Debug|Any CPU.ActiveCfg = Debug|Any CPU
		{E9F11BA4-252E-4895-916F-7D1381981F9C}.Debug|Any CPU.Build.0 = Debug|Any CPU
		{E9F11BA4-252E-4895-916F-7D1381981F9C}.Release|Any CPU.ActiveCfg = Release|Any CPU
		{E9F11BA4-252E-4895-916F-7D1381981F9C}.Release|Any CPU.Build.0 = Release|Any CPU
		{00FB6DFD-9964-45C8-AEC1-9FB74C01AE84}.Debug|Any CPU.ActiveCfg = Debug|Any CPU
		{00FB6DFD-9964-45C8-AEC1-9FB74C01AE84}.Debug|Any CPU.Build.0 = Debug|Any CPU
		{00FB6DFD-9964-45C8-AEC1-9FB74C01AE84}.Release|Any CPU.ActiveCfg = Release|Any CPU
		{00FB6DFD-9964-45C8-AEC1-9FB74C01AE84}.Release|Any CPU.Build.0 = Release|Any CPU
		{38F1002C-422B-4BC4-B05F-B887BF7F08FE}.Debug|Any CPU.ActiveCfg = Debug|Any CPU
		{38F1002C-422B-4BC4-B05F-B887BF7F08FE}.Debug|Any CPU.Build.0 = Debug|Any CPU
		{38F1002C-422B-4BC4-B05F-B887BF7F08FE}.Release|Any CPU.ActiveCfg = Release|Any CPU
		{38F1002C-422B-4BC4-B05F-B887BF7F08FE}.Release|Any CPU.Build.0 = Release|Any CPU
	EndGlobalSection
	GlobalSection(NestedProjects) = preSolution
		{A1D1BDF1-4F9A-41CB-8B18-D4F7EE2E5102} = {66FCF480-190E-40F6-81B9-C79FDEF1E280}
		{7B19DB82-1DA7-40A5-9FAE-35B16AE52DDA} = {66FCF480-190E-40F6-81B9-C79FDEF1E280}
		{E9F11BA4-252E-4895-916F-7D1381981F9C} = {66FCF480-190E-40F6-81B9-C79FDEF1E280}
		{00FB6DFD-9964-45C8-AEC1-9FB74C01AE84} = {66FCF480-190E-40F6-81B9-C79FDEF1E280}
		{38F1002C-422B-4BC4-B05F-B887BF7F08FE} = {BC5B1A54-9166-43ED-AB62-A6C57342289B}
	EndGlobalSection
EndGlobal
